{
  "version": 1,
  "items": [
    {
      "address": "@adico/button",
      "manifestDigest": "7182fee73a98ea2a101c0e03409b83b4b30a89580ebde015a3a793fe2dec3e47",
      "files": [
        {
          "path": "src/components/ui/button.rs",
          "checksum": "be0370c99c085c132da73dc4d77733d362f466905942a8d6ab3d93e0c5c304a7"
        }
      ]
    },
    {
      "address": "@adico/cn",
      "manifestDigest": "7182fee73a98ea2a101c0e03409b83b4b30a89580ebde015a3a793fe2dec3e47",
      "files": [
        {
          "path": "src/adico_lib/cn.rs",
          "checksum": "76e269ea046b2a9f53d7c43e3c78d2f0afd3aea964d18b2aa10878e49676c2ed"
        }
      ]
    }
  ]
}
