{
  "version": 1,
  "items": [
    {
      "address": "@adico/button",
      "manifestDigest": "e7d1c1d170bb4a891c65d3e7d6da5b5ad84bdcc1f9b039c81c2de447f2497219",
      "files": [
        {
          "path": "src/components/ui/button.rs",
          "checksum": "be0370c99c085c132da73dc4d77733d362f466905942a8d6ab3d93e0c5c304a7"
        }
      ]
    },
    {
      "address": "@adico/card",
      "manifestDigest": "e7d1c1d170bb4a891c65d3e7d6da5b5ad84bdcc1f9b039c81c2de447f2497219",
      "files": [
        {
          "path": "src/components/ui/card.rs",
          "checksum": "21c18ff94eaff7d7685c83edbdd4927f98fa09d8f8a5a5a9d0f4dbe87a3e6e72"
        }
      ]
    },
    {
      "address": "@adico/cn",
      "manifestDigest": "e7d1c1d170bb4a891c65d3e7d6da5b5ad84bdcc1f9b039c81c2de447f2497219",
      "files": [
        {
          "path": "src/adico_lib/cn.rs",
          "checksum": "76e269ea046b2a9f53d7c43e3c78d2f0afd3aea964d18b2aa10878e49676c2ed"
        }
      ]
    },
    {
      "address": "@adico/dialog",
      "manifestDigest": "e7d1c1d170bb4a891c65d3e7d6da5b5ad84bdcc1f9b039c81c2de447f2497219",
      "files": [
        {
          "path": "src/components/ui/dialog.rs",
          "checksum": "6312cd0eab91554c970c30567b85eebf33cbd3b847a0cf76c660cc86326d5ad0"
        }
      ]
    },
    {
      "address": "@adico/select",
      "manifestDigest": "e7d1c1d170bb4a891c65d3e7d6da5b5ad84bdcc1f9b039c81c2de447f2497219",
      "files": [
        {
          "path": "src/components/ui/select.rs",
          "checksum": "1605d470dd7708ebc905ad7ae472a705ca7ee0c52cece52da168ceec0ee70301"
        }
      ]
    }
  ]
}
