{
  "version": 1,
  "items": [
    {
      "address": "@adico/accordion",
      "manifestDigest": "b3e19557cc0c6d00235338109676d42bb9adb8a56f83bef1686c8b94e43f7990",
      "files": [
        {
          "path": "src/components/ui/accordion.rs",
          "checksum": "598ef56bbdd321d21e0a7a565ecafc67ab899e8b50713df6ee748399baab5a0c"
        }
      ]
    },
    {
      "address": "@adico/alert-dialog",
      "manifestDigest": "48d06613a6d0c678c6eda3f2440cddcffb260af43c3e74cd91d23e1488036045",
      "files": [
        {
          "path": "src/components/ui/alert_dialog.rs",
          "checksum": "2c41967026291ed8d0ae2eaf03e532ed7ebaf4472c3caa490148d6317749f36d"
        }
      ]
    },
    {
      "address": "@adico/aspect-ratio",
      "manifestDigest": "f1951d2886650a99168363d4c431c9512b1291267a15f083f2f4e6c3e3d7c30c",
      "files": [
        {
          "path": "src/components/ui/aspect_ratio.rs",
          "checksum": "8c30c1f65934f5bac2baa602132710b450b3308b49320826b5abd7ba6c10c039"
        }
      ]
    },
    {
      "address": "@adico/avatar",
      "manifestDigest": "2822d317f71c3167e33f3741adcedf90751daaf1140d976f77d0dd4b3b06871d",
      "files": [
        {
          "path": "src/components/ui/avatar.rs",
          "checksum": "3e085e4e7531ec91d5c1744c4df6cca9d0cddfd8606e5ca12b3ce3b3cf93f1d6"
        }
      ]
    },
    {
      "address": "@adico/badge",
      "manifestDigest": "d360609157c3bfbfb04af82af76c43d3af9d02b58949ecb79b8d4fab3ce76363",
      "files": [
        {
          "path": "src/components/ui/badge.rs",
          "checksum": "b346ba40209a2dfd3796df4feb017d6ee3ea098b1292eeaa11bde414b55f85b8"
        }
      ]
    },
    {
      "address": "@adico/button",
      "manifestDigest": "d360609157c3bfbfb04af82af76c43d3af9d02b58949ecb79b8d4fab3ce76363",
      "files": [
        {
          "path": "src/components/ui/button.rs",
          "checksum": "0f498536390cf5ee008340c199f0d412e346a4ee7477390cda9c93edb4f75ceb"
        }
      ]
    },
    {
      "address": "@adico/calendar",
      "manifestDigest": "f1951d2886650a99168363d4c431c9512b1291267a15f083f2f4e6c3e3d7c30c",
      "files": [
        {
          "path": "src/components/ui/calendar.rs",
          "checksum": "5938c8ea7aaadc2158855f9aa70030a462e4b96f74a0d924a14a9c1e0c0ec9ab"
        }
      ]
    },
    {
      "address": "@adico/card",
      "manifestDigest": "d360609157c3bfbfb04af82af76c43d3af9d02b58949ecb79b8d4fab3ce76363",
      "files": [
        {
          "path": "src/components/ui/card.rs",
          "checksum": "16c77d9d9464259a4242a01c716a73f9c513dd855a635129da1311e8adbb84c0"
        }
      ]
    },
    {
      "address": "@adico/checkbox",
      "manifestDigest": "48d06613a6d0c678c6eda3f2440cddcffb260af43c3e74cd91d23e1488036045",
      "files": [
        {
          "path": "src/components/ui/checkbox.rs",
          "checksum": "2699db3011942e89539ce919e4e3d5dae3225a0bc0c769ccb0a9879e5d6d8077"
        }
      ]
    },
    {
      "address": "@adico/cn",
      "manifestDigest": "d360609157c3bfbfb04af82af76c43d3af9d02b58949ecb79b8d4fab3ce76363",
      "files": [
        {
          "path": "src/adico_lib/cn.rs",
          "checksum": "76e269ea046b2a9f53d7c43e3c78d2f0afd3aea964d18b2aa10878e49676c2ed"
        }
      ]
    },
    {
      "address": "@adico/collapsible",
      "manifestDigest": "f1951d2886650a99168363d4c431c9512b1291267a15f083f2f4e6c3e3d7c30c",
      "files": [
        {
          "path": "src/components/ui/collapsible.rs",
          "checksum": "9e5983ccab481bcf769a2bc772cabc7d9c5244c9e8131729ba39180bdfc762e7"
        }
      ]
    },
    {
      "address": "@adico/color-picker",
      "manifestDigest": "2822d317f71c3167e33f3741adcedf90751daaf1140d976f77d0dd4b3b06871d",
      "files": [
        {
          "path": "src/components/ui/color_picker.rs",
          "checksum": "76d29f4d2273ba579da286e4878b704df5c5e986c5513d2958a5658a87a01527"
        }
      ]
    },
    {
      "address": "@adico/combobox",
      "manifestDigest": "f5e4d5d75d162e1436c99a3cb7c900dea31e5f403f08083b0367774da4d9963e",
      "files": [
        {
          "path": "src/components/ui/combobox.rs",
          "checksum": "e4a268e6a140022b11c02abb646be0b24d4dee133369547e9a07e160d00de080"
        }
      ]
    },
    {
      "address": "@adico/context-menu",
      "manifestDigest": "f1951d2886650a99168363d4c431c9512b1291267a15f083f2f4e6c3e3d7c30c",
      "files": [
        {
          "path": "src/components/ui/context_menu.rs",
          "checksum": "275e73d6b6571987c7a1dcb8498fb6bef49932c0d4622ccc88d81825bea1018e"
        }
      ]
    },
    {
      "address": "@adico/date-picker",
      "manifestDigest": "f1951d2886650a99168363d4c431c9512b1291267a15f083f2f4e6c3e3d7c30c",
      "files": [
        {
          "path": "src/components/ui/date_picker.rs",
          "checksum": "efdc41c9ac472d032b58983b1e7afc76f977027ef6fa1720a72ce04439321c4b"
        }
      ]
    },
    {
      "address": "@adico/dialog",
      "manifestDigest": "d360609157c3bfbfb04af82af76c43d3af9d02b58949ecb79b8d4fab3ce76363",
      "files": [
        {
          "path": "src/components/ui/dialog.rs",
          "checksum": "854367f085b8de1c110ada86cdc83e11947c736b3634dd7c852f7678f1ef60e9"
        }
      ]
    },
    {
      "address": "@adico/drag-and-drop-list",
      "manifestDigest": "2822d317f71c3167e33f3741adcedf90751daaf1140d976f77d0dd4b3b06871d",
      "files": [
        {
          "path": "src/components/ui/drag_and_drop_list.rs",
          "checksum": "fa735c6e83dfe3e40292eccb14b34f446102d317440be8f42d24cbd6e7fb1ebe"
        }
      ]
    },
    {
      "address": "@adico/dropdown-menu",
      "manifestDigest": "082e324f0ad11a331ae8766be7e3e752bb908dcae030d4c25b1c16dc990cdf72",
      "files": [
        {
          "path": "src/components/ui/dropdown_menu.rs",
          "checksum": "f4b74ec161a24cfef634a30003dff1ad1eefe3421ee6701df29664485cb3b217"
        }
      ]
    },
    {
      "address": "@adico/hover-card",
      "manifestDigest": "082e324f0ad11a331ae8766be7e3e752bb908dcae030d4c25b1c16dc990cdf72",
      "files": [
        {
          "path": "src/components/ui/hover_card.rs",
          "checksum": "e6241795cd2156cd1e9079438373f5cbde6c027583c9877c50a05bf398e13876"
        }
      ]
    },
    {
      "address": "@adico/input",
      "manifestDigest": "f1951d2886650a99168363d4c431c9512b1291267a15f083f2f4e6c3e3d7c30c",
      "files": [
        {
          "path": "src/components/ui/input.rs",
          "checksum": "091f72be650f07842730efd10599346d8456d690bcd42e73a3bdd9b61aa30958"
        }
      ]
    },
    {
      "address": "@adico/item",
      "manifestDigest": "f1951d2886650a99168363d4c431c9512b1291267a15f083f2f4e6c3e3d7c30c",
      "files": [
        {
          "path": "src/components/ui/item.rs",
          "checksum": "ef7822bed025bf5edc2d726ce1d89f71545766e7953537ff8883d805d1911ce7"
        }
      ]
    },
    {
      "address": "@adico/label",
      "manifestDigest": "f1951d2886650a99168363d4c431c9512b1291267a15f083f2f4e6c3e3d7c30c",
      "files": [
        {
          "path": "src/components/ui/label.rs",
          "checksum": "c39474fff2df114cfb9fde2a3350ef4eb0baeb00e4e857cbea945f0796713e5f"
        }
      ]
    },
    {
      "address": "@adico/menubar",
      "manifestDigest": "082e324f0ad11a331ae8766be7e3e752bb908dcae030d4c25b1c16dc990cdf72",
      "files": [
        {
          "path": "src/components/ui/menubar.rs",
          "checksum": "fd760ca17fd82c771b6feaa27cfb9e413c4dda01c7759f09950e36851026bf28"
        }
      ]
    },
    {
      "address": "@adico/mode-toggle",
      "manifestDigest": "082e324f0ad11a331ae8766be7e3e752bb908dcae030d4c25b1c16dc990cdf72",
      "files": [
        {
          "path": "src/components/ui/mode_toggle.rs",
          "checksum": "d30499d3137ccb834d048e0e39287355f970d024ec0470d697ca46ee55e1a153"
        }
      ]
    },
    {
      "address": "@adico/pagination",
      "manifestDigest": "f1951d2886650a99168363d4c431c9512b1291267a15f083f2f4e6c3e3d7c30c",
      "files": [
        {
          "path": "src/components/ui/pagination.rs",
          "checksum": "0ab017592c966b711de795bd25e9be00f40ba47d61bf3e3ba0efbb77e5e7b125"
        }
      ]
    },
    {
      "address": "@adico/popover",
      "manifestDigest": "082e324f0ad11a331ae8766be7e3e752bb908dcae030d4c25b1c16dc990cdf72",
      "files": [
        {
          "path": "src/components/ui/popover.rs",
          "checksum": "2d9802779da4e8465a13522c7c659e1a837e91ed4afe1957f857dbd4b2a07c19"
        }
      ]
    },
    {
      "address": "@adico/progress",
      "manifestDigest": "2822d317f71c3167e33f3741adcedf90751daaf1140d976f77d0dd4b3b06871d",
      "files": [
        {
          "path": "src/components/ui/progress.rs",
          "checksum": "5983179bdf1b609f614f77e360d37ab04317a7a19e28d2f49e12ca634f5733c7"
        }
      ]
    },
    {
      "address": "@adico/radio-group",
      "manifestDigest": "48d06613a6d0c678c6eda3f2440cddcffb260af43c3e74cd91d23e1488036045",
      "files": [
        {
          "path": "src/components/ui/radio_group.rs",
          "checksum": "11ac72712581a1b29a03d8a20e2b8aaf9ad9c7e284d15f26f943dcdc911f758d"
        }
      ]
    },
    {
      "address": "@adico/scroll-area",
      "manifestDigest": "f1951d2886650a99168363d4c431c9512b1291267a15f083f2f4e6c3e3d7c30c",
      "files": [
        {
          "path": "src/components/ui/scroll_area.rs",
          "checksum": "d88f6e42d6e36e86df6ae4a943bbac82ff164853ea255c7c71528d6b32b09807"
        }
      ]
    },
    {
      "address": "@adico/select",
      "manifestDigest": "f5e4d5d75d162e1436c99a3cb7c900dea31e5f403f08083b0367774da4d9963e",
      "files": [
        {
          "path": "src/components/ui/select.rs",
          "checksum": "b2c1e848351b69ce0029944a3b61392b8733b55d4d1093cadf70565d4de8f053"
        }
      ]
    },
    {
      "address": "@adico/sheet",
      "manifestDigest": "d360609157c3bfbfb04af82af76c43d3af9d02b58949ecb79b8d4fab3ce76363",
      "files": [
        {
          "path": "src/components/ui/sheet.rs",
          "checksum": "f2ec0ae048921d5325f62856dd9d66590bd4a24c1b09f24c0f05783edab41474"
        }
      ]
    },
    {
      "address": "@adico/sidebar",
      "manifestDigest": "f1951d2886650a99168363d4c431c9512b1291267a15f083f2f4e6c3e3d7c30c",
      "files": [
        {
          "path": "src/components/ui/sidebar.rs",
          "checksum": "d024977c20130df659e07ad8a90bd264f48c5abaa228611448ceb7d038116a80"
        }
      ]
    },
    {
      "address": "@adico/skeleton",
      "manifestDigest": "f1951d2886650a99168363d4c431c9512b1291267a15f083f2f4e6c3e3d7c30c",
      "files": [
        {
          "path": "src/components/ui/skeleton.rs",
          "checksum": "397497604d3a590db6bf644c8dd55dabeb258e1d4dd5e2b77c63dfc1dc97a027"
        }
      ]
    },
    {
      "address": "@adico/slider",
      "manifestDigest": "aac40d84af1d3f77671c75f8fce5f043d107475aed88fb0d9be3d1177ad745dc",
      "files": [
        {
          "path": "src/components/ui/slider.rs",
          "checksum": "a12e3c1caac369143784bd9dc0b8c56bfcb220ed67bfefcad9e561208c16c213"
        }
      ]
    },
    {
      "address": "@adico/switch",
      "manifestDigest": "d360609157c3bfbfb04af82af76c43d3af9d02b58949ecb79b8d4fab3ce76363",
      "files": [
        {
          "path": "src/components/ui/switch.rs",
          "checksum": "9464d12369ce868c4b0e297ec890076e5ff606830e9266f1491ed74f53dc499b"
        }
      ]
    },
    {
      "address": "@adico/tabs",
      "manifestDigest": "2822d317f71c3167e33f3741adcedf90751daaf1140d976f77d0dd4b3b06871d",
      "files": [
        {
          "path": "src/components/ui/tabs.rs",
          "checksum": "0f12e2871ee10aeb7654e4db367d9bd813d2150e152fd57f510201b1bf0d8540"
        }
      ]
    },
    {
      "address": "@adico/tag-group",
      "manifestDigest": "2822d317f71c3167e33f3741adcedf90751daaf1140d976f77d0dd4b3b06871d",
      "files": [
        {
          "path": "src/components/ui/tag_group.rs",
          "checksum": "290973b5332adfa0223fa92f9eac0f5d5e0a0d57b01fc1f0d00a2150bbb07ece"
        }
      ]
    },
    {
      "address": "@adico/textarea",
      "manifestDigest": "f1951d2886650a99168363d4c431c9512b1291267a15f083f2f4e6c3e3d7c30c",
      "files": [
        {
          "path": "src/components/ui/textarea.rs",
          "checksum": "2bc677d7a807373d4f4375b5461547dc690a6c05bca2793275ebfd5a1a803338"
        }
      ]
    },
    {
      "address": "@adico/theme-switcher",
      "manifestDigest": "2056420f7a6703d4efbbae8d7900c140ee94bbf7b389c35c5808b21bf6e6d7dc",
      "files": [
        {
          "path": "src/components/ui/theme_switcher.rs",
          "checksum": "2014419589197764b0f0bea16c2f0f10cc8c1bc7800a1bf5d422fc62a9facc74"
        }
      ]
    },
    {
      "address": "@adico/toast",
      "manifestDigest": "2822d317f71c3167e33f3741adcedf90751daaf1140d976f77d0dd4b3b06871d",
      "files": [
        {
          "path": "src/components/ui/toast.rs",
          "checksum": "d2c40a24fec268e3df171d145966eabee8f241b4712b60d5e9becc6295a02814"
        }
      ]
    },
    {
      "address": "@adico/toggle",
      "manifestDigest": "d360609157c3bfbfb04af82af76c43d3af9d02b58949ecb79b8d4fab3ce76363",
      "files": [
        {
          "path": "src/components/ui/toggle.rs",
          "checksum": "090bef39dd550114f49d5484279afd34d945d06ceeb6a963d9277deef68d93c0"
        }
      ]
    },
    {
      "address": "@adico/toggle-group",
      "manifestDigest": "d360609157c3bfbfb04af82af76c43d3af9d02b58949ecb79b8d4fab3ce76363",
      "files": [
        {
          "path": "src/components/ui/toggle_group.rs",
          "checksum": "3155fcbaed0a5adeb3d42587221462f495a93a954b4abd514ec209296022c390"
        }
      ]
    },
    {
      "address": "@adico/toolbar",
      "manifestDigest": "f1951d2886650a99168363d4c431c9512b1291267a15f083f2f4e6c3e3d7c30c",
      "files": [
        {
          "path": "src/components/ui/toolbar.rs",
          "checksum": "db1937b43c1b6b447f292a83f4b121e74b93a101421ec67a8e767177ba9a98e6"
        }
      ]
    },
    {
      "address": "@adico/tooltip",
      "manifestDigest": "082e324f0ad11a331ae8766be7e3e752bb908dcae030d4c25b1c16dc990cdf72",
      "files": [
        {
          "path": "src/components/ui/tooltip.rs",
          "checksum": "4ad2cc1d2fcfa2d398bc2be456fb062117511380f0d7f7d0413691d2ad69ed64"
        }
      ]
    },
    {
      "address": "@adico/virtual-list",
      "manifestDigest": "f1951d2886650a99168363d4c431c9512b1291267a15f083f2f4e6c3e3d7c30c",
      "files": [
        {
          "path": "src/components/ui/virtual_list.rs",
          "checksum": "4a4fb6accb44a6487d29148c7ef15a25e6b143a3154e91014a1ecc7ebd161507"
        }
      ]
    }
  ]
}
