{
  "version": 1,
  "items": [
    {
      "address": "@adico/accordion",
      "manifestDigest": "28e13a904e35de9861bcff2c33e08736610511bab1b2def1bb6424fc7c7bba74",
      "files": [
        {
          "path": "src/components/ui/accordion.rs",
          "checksum": "a36c7f6619d05b142691c7cbcd6e87eea19d3271e7935ff0ad0d8c37e3807266"
        }
      ]
    },
    {
      "address": "@adico/alert",
      "manifestDigest": "28e13a904e35de9861bcff2c33e08736610511bab1b2def1bb6424fc7c7bba74",
      "files": [
        {
          "path": "src/components/ui/alert.rs",
          "checksum": "c94e992d01049bc54d9cf446fda160ab0861eb445e503ae09a093e601693d1e9"
        }
      ]
    },
    {
      "address": "@adico/alert-dialog",
      "manifestDigest": "4920a164da17eb5142b5bb4761c0f09b498e304abe7f01b9f203b9b95c055792",
      "files": [
        {
          "path": "src/components/ui/alert_dialog.rs",
          "checksum": "4d5d1489ea60df4ef9b39639cc0c44536e034609d0aafb55522ef6aa988e0380"
        }
      ]
    },
    {
      "address": "@adico/aspect-ratio",
      "manifestDigest": "2822d317f71c3167e33f3741adcedf90751daaf1140d976f77d0dd4b3b06871d",
      "files": [
        {
          "path": "src/components/ui/aspect_ratio.rs",
          "checksum": "8c30c1f65934f5bac2baa602132710b450b3308b49320826b5abd7ba6c10c039"
        }
      ]
    },
    {
      "address": "@adico/avatar",
      "manifestDigest": "ba25c6d591fe5e82835c0081cf4a59c60b519be8ac76c70f81af352faf5a1a5d",
      "files": [
        {
          "path": "src/components/ui/avatar.rs",
          "checksum": "100177f41029793022f7d850788e470d9df6b0864ab3f116195a0422ca79831d"
        }
      ]
    },
    {
      "address": "@adico/badge",
      "manifestDigest": "28e13a904e35de9861bcff2c33e08736610511bab1b2def1bb6424fc7c7bba74",
      "files": [
        {
          "path": "src/components/ui/badge.rs",
          "checksum": "c883f55a2fba6629e9771615b3b3c0fede3caf19649a780ac899beb9ab389b25"
        }
      ]
    },
    {
      "address": "@adico/breadcrumb",
      "manifestDigest": "4192d6f980baa9f09cbba5acd230447f943256421621f682f1bc3d54ae38174d",
      "files": [
        {
          "path": "src/components/ui/breadcrumb.rs",
          "checksum": "181803399507531f8ebd8a4137c162a8fcae7a454f61589f71d0af432df4e9e9"
        }
      ]
    },
    {
      "address": "@adico/button",
      "manifestDigest": "4920a164da17eb5142b5bb4761c0f09b498e304abe7f01b9f203b9b95c055792",
      "files": [
        {
          "path": "src/components/ui/button.rs",
          "checksum": "bc3b73c1f6cc3c5c3f62d2d914b6b2756ae33ad1ceca58c3f925da1faf318a1e"
        }
      ]
    },
    {
      "address": "@adico/button-group",
      "manifestDigest": "a6e76d3b7c224a884a8201d4cea0936b41768ca74318ebd07a063d7d602593a0",
      "files": [
        {
          "path": "src/components/ui/button_group.rs",
          "checksum": "eb7f932bef197a75a40e1d587f0dd877a7104e2eb5ffcf36b28fcb6f6c753454"
        }
      ]
    },
    {
      "address": "@adico/calendar",
      "manifestDigest": "ed3f0d07cdecb892476ff9f11cc7c3fcf4b58be868d38da2a99f1a11ba111fe3",
      "files": [
        {
          "path": "src/components/ui/calendar.rs",
          "checksum": "5f3c4188289335630cc873ee88d134c27dd0a8fad8fe3eeb41b6987bf8b53a5b"
        }
      ]
    },
    {
      "address": "@adico/card",
      "manifestDigest": "28e13a904e35de9861bcff2c33e08736610511bab1b2def1bb6424fc7c7bba74",
      "files": [
        {
          "path": "src/components/ui/card.rs",
          "checksum": "b4348c0a8dfe019fa162dd0c7b8041433302534eb847057646470b46a7996e1c"
        }
      ]
    },
    {
      "address": "@adico/carousel",
      "manifestDigest": "77d9ae26a007bd1333bc85042853cbf4b67e07d27ece6aaeeedebd54c2bdd1f3",
      "files": [
        {
          "path": "src/components/ui/carousel.rs",
          "checksum": "2350bdcd165b60ae0b88003abcfd79f72cd6c200c5247e9896777ee0ac4673b8"
        }
      ]
    },
    {
      "address": "@adico/checkbox",
      "manifestDigest": "21027dbd9efbcf92adb26f275b4cff53fe95524db5135de5d5d7a9a6b7ef53a5",
      "files": [
        {
          "path": "src/components/ui/checkbox.rs",
          "checksum": "fa99624b291e9709b33adbc46ac094082e5037e5d69a4afe75c5106d22356d75"
        }
      ]
    },
    {
      "address": "@adico/cn",
      "manifestDigest": "4920a164da17eb5142b5bb4761c0f09b498e304abe7f01b9f203b9b95c055792",
      "files": [
        {
          "path": "src/adico_lib/cn.rs",
          "checksum": "76e269ea046b2a9f53d7c43e3c78d2f0afd3aea964d18b2aa10878e49676c2ed"
        }
      ]
    },
    {
      "address": "@adico/collapsible",
      "manifestDigest": "2822d317f71c3167e33f3741adcedf90751daaf1140d976f77d0dd4b3b06871d",
      "files": [
        {
          "path": "src/components/ui/collapsible.rs",
          "checksum": "9e5983ccab481bcf769a2bc772cabc7d9c5244c9e8131729ba39180bdfc762e7"
        }
      ]
    },
    {
      "address": "@adico/color-picker",
      "manifestDigest": "ed3f0d07cdecb892476ff9f11cc7c3fcf4b58be868d38da2a99f1a11ba111fe3",
      "files": [
        {
          "path": "src/components/ui/color_picker.rs",
          "checksum": "6066680f27fc5821adeba757f125fc3a23d7f84edc8a420452e1c9fb0ef0dc03"
        }
      ]
    },
    {
      "address": "@adico/combobox",
      "manifestDigest": "ed3f0d07cdecb892476ff9f11cc7c3fcf4b58be868d38da2a99f1a11ba111fe3",
      "files": [
        {
          "path": "src/components/ui/combobox.rs",
          "checksum": "34138f61cae5234cc092461c906672bb7b44733c6ff3deb1381d7c748c52f6a1"
        }
      ]
    },
    {
      "address": "@adico/command",
      "manifestDigest": "89db7db1cc31e0a82b5b66c53b78a0c2591052d3e917851759fd66b27fcec9a2",
      "files": [
        {
          "path": "src/components/ui/command.rs",
          "checksum": "78c2674930274e760b33273f5fd0b0fea1f4b5bb241abab160b87577f3a250eb"
        }
      ]
    },
    {
      "address": "@adico/context-menu",
      "manifestDigest": "ba25c6d591fe5e82835c0081cf4a59c60b519be8ac76c70f81af352faf5a1a5d",
      "files": [
        {
          "path": "src/components/ui/context_menu.rs",
          "checksum": "57b3f5a3c397c275d6162e6adef044d97c508863d057a53cfb950a0156c3e5f1"
        }
      ]
    },
    {
      "address": "@adico/date-picker",
      "manifestDigest": "ed3f0d07cdecb892476ff9f11cc7c3fcf4b58be868d38da2a99f1a11ba111fe3",
      "files": [
        {
          "path": "src/components/ui/date_picker.rs",
          "checksum": "70e24290c1d2b79470a26d140e3f26cc32c18767a71423ba5ca699b0e49c1550"
        }
      ]
    },
    {
      "address": "@adico/dialog",
      "manifestDigest": "89db7db1cc31e0a82b5b66c53b78a0c2591052d3e917851759fd66b27fcec9a2",
      "files": [
        {
          "path": "src/components/ui/dialog.rs",
          "checksum": "2667585dbdde4ae20bf48ac82d0d960d80237b0f77d08b1acfd045b086f7c329"
        }
      ]
    },
    {
      "address": "@adico/drag-and-drop-list",
      "manifestDigest": "89db7db1cc31e0a82b5b66c53b78a0c2591052d3e917851759fd66b27fcec9a2",
      "files": [
        {
          "path": "src/components/ui/drag_and_drop_list.rs",
          "checksum": "efc96ddb2a953225801c31f30f0b65f66374904f9fd6a414f1468995fadc9ae3"
        }
      ]
    },
    {
      "address": "@adico/drawer",
      "manifestDigest": "77d9ae26a007bd1333bc85042853cbf4b67e07d27ece6aaeeedebd54c2bdd1f3",
      "files": [
        {
          "path": "src/components/ui/drawer.rs",
          "checksum": "22cb6791fb2ed03ef404c317e28282d5a2271dbfd4056e43916740788b2d5783"
        }
      ]
    },
    {
      "address": "@adico/dropdown-menu",
      "manifestDigest": "89db7db1cc31e0a82b5b66c53b78a0c2591052d3e917851759fd66b27fcec9a2",
      "files": [
        {
          "path": "src/components/ui/dropdown_menu.rs",
          "checksum": "f2e840ae1b342ccabf588efe7ab70874e8ce6bd80a2c9ca5ff709e6c2cf7a95a"
        }
      ]
    },
    {
      "address": "@adico/empty",
      "manifestDigest": "ba25c6d591fe5e82835c0081cf4a59c60b519be8ac76c70f81af352faf5a1a5d",
      "files": [
        {
          "path": "src/components/ui/empty.rs",
          "checksum": "9baa414a192c57997bafe04025e3c21b492bbffea2035a23c6dd6818cb95269e"
        }
      ]
    },
    {
      "address": "@adico/hover-card",
      "manifestDigest": "4b25f64e9bc914257e56f20898218917bd82b246bc07e2c7391627b9096611a4",
      "files": [
        {
          "path": "src/components/ui/hover_card.rs",
          "checksum": "de2da2b53137c17d67298b53f2e155bf9e6a01df7296bde1209eb08e34d677ac"
        }
      ]
    },
    {
      "address": "@adico/input",
      "manifestDigest": "28e13a904e35de9861bcff2c33e08736610511bab1b2def1bb6424fc7c7bba74",
      "files": [
        {
          "path": "src/components/ui/input.rs",
          "checksum": "edb23b9ba5f8d90cb0135782e0024c66da3330c30b6b257e2ac3094abcc51e3d"
        }
      ]
    },
    {
      "address": "@adico/input-group",
      "manifestDigest": "fd5cd786eebaec3d2ec7e6734d673001e337805d6f940c28e0b19fdf16e3f60e",
      "files": [
        {
          "path": "src/components/ui/input_group.rs",
          "checksum": "eadff178dda4c1697abf0ce53475464697d2e2c445597f032816515d23d1d24f"
        }
      ]
    },
    {
      "address": "@adico/input-otp",
      "manifestDigest": "017112ca532a7cc395e6713b300f5dc3781c12a4b06a36c3edfbec4e94ca415a",
      "files": [
        {
          "path": "src/components/ui/input_otp.rs",
          "checksum": "340844969905d19b3e7963162af66d633eaef4482f25eec5cfff34d6d8dc2b86"
        }
      ]
    },
    {
      "address": "@adico/item",
      "manifestDigest": "28e13a904e35de9861bcff2c33e08736610511bab1b2def1bb6424fc7c7bba74",
      "files": [
        {
          "path": "src/components/ui/item.rs",
          "checksum": "e17eb338124f06ff4b413e6b2acbed87c936372a27bdc307caecf8882fdf61b8"
        }
      ]
    },
    {
      "address": "@adico/kbd",
      "manifestDigest": "28e13a904e35de9861bcff2c33e08736610511bab1b2def1bb6424fc7c7bba74",
      "files": [
        {
          "path": "src/components/ui/kbd.rs",
          "checksum": "6668b8f7d9a54772c33c5cdae4590150eeb784b9fa6ec32b67e26d7719212837"
        }
      ]
    },
    {
      "address": "@adico/label",
      "manifestDigest": "2822d317f71c3167e33f3741adcedf90751daaf1140d976f77d0dd4b3b06871d",
      "files": [
        {
          "path": "src/components/ui/label.rs",
          "checksum": "c39474fff2df114cfb9fde2a3350ef4eb0baeb00e4e857cbea945f0796713e5f"
        }
      ]
    },
    {
      "address": "@adico/marker",
      "manifestDigest": "28e13a904e35de9861bcff2c33e08736610511bab1b2def1bb6424fc7c7bba74",
      "files": [
        {
          "path": "src/components/ui/marker.rs",
          "checksum": "3cf70986b895cdac9b73d36327c7cc73b4c6c1476015b35bfc9af22560a0bcb9"
        }
      ]
    },
    {
      "address": "@adico/menubar",
      "manifestDigest": "ed3f0d07cdecb892476ff9f11cc7c3fcf4b58be868d38da2a99f1a11ba111fe3",
      "files": [
        {
          "path": "src/components/ui/menubar.rs",
          "checksum": "8dc5dcefdb1446b818fa25cae328ba38d19891f3cf2c750e6932c28910296816"
        }
      ]
    },
    {
      "address": "@adico/mode-toggle",
      "manifestDigest": "082e324f0ad11a331ae8766be7e3e752bb908dcae030d4c25b1c16dc990cdf72",
      "files": [
        {
          "path": "src/components/ui/mode_toggle.rs",
          "checksum": "d30499d3137ccb834d048e0e39287355f970d024ec0470d697ca46ee55e1a153"
        }
      ]
    },
    {
      "address": "@adico/native-select",
      "manifestDigest": "4b25f64e9bc914257e56f20898218917bd82b246bc07e2c7391627b9096611a4",
      "files": [
        {
          "path": "src/components/ui/native_select.rs",
          "checksum": "15a1de9a30ff8129ee0ee578b9b9cff97c4c84cad30d01ea0e69e478d97b4b74"
        }
      ]
    },
    {
      "address": "@adico/navigation-menu",
      "manifestDigest": "ea9b017af79f4d5fa7ddba196f39be7947a39167f5ee11d19721df8badf963d7",
      "files": [
        {
          "path": "src/components/ui/navigation_menu.rs",
          "checksum": "a1de7734cdb59ad9ec77d0e057132d23bb04d785360287474adaf318f86be19f"
        }
      ]
    },
    {
      "address": "@adico/pagination",
      "manifestDigest": "fd5cd786eebaec3d2ec7e6734d673001e337805d6f940c28e0b19fdf16e3f60e",
      "files": [
        {
          "path": "src/components/ui/pagination.rs",
          "checksum": "33f490b8d49de69fc4d44c81d2b19b69a59e758a35562f54b08912ad64d5b1e9"
        }
      ]
    },
    {
      "address": "@adico/popover",
      "manifestDigest": "ed3f0d07cdecb892476ff9f11cc7c3fcf4b58be868d38da2a99f1a11ba111fe3",
      "files": [
        {
          "path": "src/components/ui/popover.rs",
          "checksum": "6c85713d38b784eb4db7516f9bc210ea03dbffd7a485abc7a1d8404ae49553e5"
        }
      ]
    },
    {
      "address": "@adico/progress",
      "manifestDigest": "ba25c6d591fe5e82835c0081cf4a59c60b519be8ac76c70f81af352faf5a1a5d",
      "files": [
        {
          "path": "src/components/ui/progress.rs",
          "checksum": "3baf490aa47849e332a545608e5ae90b0e24ac376bb97ba3187e026de6631aee"
        }
      ]
    },
    {
      "address": "@adico/radio-group",
      "manifestDigest": "77d9ae26a007bd1333bc85042853cbf4b67e07d27ece6aaeeedebd54c2bdd1f3",
      "files": [
        {
          "path": "src/components/ui/radio_group.rs",
          "checksum": "2fbe5848b60f9038ee4641622abebb6e8303abd9b1c612231ca3c82bec3c95be"
        }
      ]
    },
    {
      "address": "@adico/resizable",
      "manifestDigest": "917e6e189d3dc668d7dba0ca46342e534006b7cc362aa86619304a8ae2ca1318",
      "files": [
        {
          "path": "src/components/ui/resizable.rs",
          "checksum": "b3b1bc7edd0473fc23e3c8a608cf733c812cae828cd15e843ddcc58311501a7f"
        }
      ]
    },
    {
      "address": "@adico/scroll-area",
      "manifestDigest": "2822d317f71c3167e33f3741adcedf90751daaf1140d976f77d0dd4b3b06871d",
      "files": [
        {
          "path": "src/components/ui/scroll_area.rs",
          "checksum": "d88f6e42d6e36e86df6ae4a943bbac82ff164853ea255c7c71528d6b32b09807"
        }
      ]
    },
    {
      "address": "@adico/select",
      "manifestDigest": "ea9b017af79f4d5fa7ddba196f39be7947a39167f5ee11d19721df8badf963d7",
      "files": [
        {
          "path": "src/components/ui/select.rs",
          "checksum": "a01155b018ee507f3d64ba8502c02d547acf0399d1c4cf3ac3a97c899490a6ca"
        }
      ]
    },
    {
      "address": "@adico/sheet",
      "manifestDigest": "d360609157c3bfbfb04af82af76c43d3af9d02b58949ecb79b8d4fab3ce76363",
      "files": [
        {
          "path": "src/components/ui/sheet.rs",
          "checksum": "f2ec0ae048921d5325f62856dd9d66590bd4a24c1b09f24c0f05783edab41474"
        }
      ]
    },
    {
      "address": "@adico/sidebar",
      "manifestDigest": "fd5cd786eebaec3d2ec7e6734d673001e337805d6f940c28e0b19fdf16e3f60e",
      "files": [
        {
          "path": "src/components/ui/sidebar.rs",
          "checksum": "aceaba4da18069736dfb511e4df7302caac8a41aac37a544fba12c7b443e3fe5"
        }
      ]
    },
    {
      "address": "@adico/skeleton",
      "manifestDigest": "77d9ae26a007bd1333bc85042853cbf4b67e07d27ece6aaeeedebd54c2bdd1f3",
      "files": [
        {
          "path": "src/components/ui/skeleton.rs",
          "checksum": "88c3eedd32e12af3c661fd8f033ec9aa99d1603a74b4de3e42a2d9d5e77afb57"
        }
      ]
    },
    {
      "address": "@adico/slider",
      "manifestDigest": "62844ef2283c1181994321e1f28a1337f2bbff372bac318a5c8e2470f46f13e8",
      "files": [
        {
          "path": "src/components/ui/slider.rs",
          "checksum": "6c4c07b72330c3f16c59aa04272ce41bf7c4cfdbc4edb23d13d09abae3674a64"
        }
      ]
    },
    {
      "address": "@adico/spinner",
      "manifestDigest": "4920a164da17eb5142b5bb4761c0f09b498e304abe7f01b9f203b9b95c055792",
      "files": [
        {
          "path": "src/components/ui/spinner.rs",
          "checksum": "12d4f07f260d3f7505fad533c7fc739a946292f36d1b6eb23210fa8af3eeac37"
        }
      ]
    },
    {
      "address": "@adico/switch",
      "manifestDigest": "89db7db1cc31e0a82b5b66c53b78a0c2591052d3e917851759fd66b27fcec9a2",
      "files": [
        {
          "path": "src/components/ui/switch.rs",
          "checksum": "276dbf6ad41ed04822baa2739b79587ea38538f9fcd61ba76fa044503d693cd0"
        }
      ]
    },
    {
      "address": "@adico/table",
      "manifestDigest": "a926fe51d666b7cfe0a2cb0be1823b9f068a4b233779603a667c699eaf7561a8",
      "files": [
        {
          "path": "src/components/ui/table.rs",
          "checksum": "971b130d99a2a842f15c13e41904d24d780eeae34c9141c84ae67045ee2e087c"
        }
      ]
    },
    {
      "address": "@adico/tabs",
      "manifestDigest": "a6e76d3b7c224a884a8201d4cea0936b41768ca74318ebd07a063d7d602593a0",
      "files": [
        {
          "path": "src/components/ui/tabs.rs",
          "checksum": "7f4205e3e09a54b86f87c51a3e3044a534b5a01f20dd7ac6be4e0319940708e1"
        }
      ]
    },
    {
      "address": "@adico/tag-group",
      "manifestDigest": "89db7db1cc31e0a82b5b66c53b78a0c2591052d3e917851759fd66b27fcec9a2",
      "files": [
        {
          "path": "src/components/ui/tag_group.rs",
          "checksum": "bbbc33eb06671384bdd13658808ba12148fdf3e29dff12340932ec0d1688c108"
        }
      ]
    },
    {
      "address": "@adico/textarea",
      "manifestDigest": "4b25f64e9bc914257e56f20898218917bd82b246bc07e2c7391627b9096611a4",
      "files": [
        {
          "path": "src/components/ui/textarea.rs",
          "checksum": "a5a693882173096ccd38f4c89729a941e113ad98b5a42f2e9f447962f725fc42"
        }
      ]
    },
    {
      "address": "@adico/theme-builder",
      "manifestDigest": "77d9ae26a007bd1333bc85042853cbf4b67e07d27ece6aaeeedebd54c2bdd1f3",
      "files": [
        {
          "path": "src/components/ui/theme_builder.rs",
          "checksum": "62e36ab9af4f59fcb4762ed7dfd0d77c6f2312207d8530655fc873f2565e0369"
        }
      ]
    },
    {
      "address": "@adico/theme-switcher",
      "manifestDigest": "77d9ae26a007bd1333bc85042853cbf4b67e07d27ece6aaeeedebd54c2bdd1f3",
      "files": [
        {
          "path": "src/components/ui/theme_switcher.rs",
          "checksum": "193bfe883b90dcf114f3a130f689078a2fd0c905cea4c3851b837ec0f0265dea"
        }
      ]
    },
    {
      "address": "@adico/toast",
      "manifestDigest": "89db7db1cc31e0a82b5b66c53b78a0c2591052d3e917851759fd66b27fcec9a2",
      "files": [
        {
          "path": "src/components/ui/toast.rs",
          "checksum": "9dca6971a4d9608bf08cf7fb0d158a7eafc8761757c429a7cbf4aed71f0c481c"
        }
      ]
    },
    {
      "address": "@adico/toggle",
      "manifestDigest": "4b25f64e9bc914257e56f20898218917bd82b246bc07e2c7391627b9096611a4",
      "files": [
        {
          "path": "src/components/ui/toggle.rs",
          "checksum": "d7ee45a6fa3a58e03c05e8f79e76910b4b5ae74bef2d531dfc26877192464093"
        }
      ]
    },
    {
      "address": "@adico/toggle-group",
      "manifestDigest": "62844ef2283c1181994321e1f28a1337f2bbff372bac318a5c8e2470f46f13e8",
      "files": [
        {
          "path": "src/components/ui/toggle_group.rs",
          "checksum": "20033c4cf927fcb8e1c385158cc1cc54c37176f79b2e055037c43e3bc8a486b8"
        }
      ]
    },
    {
      "address": "@adico/toolbar",
      "manifestDigest": "fd5cd786eebaec3d2ec7e6734d673001e337805d6f940c28e0b19fdf16e3f60e",
      "files": [
        {
          "path": "src/components/ui/toolbar.rs",
          "checksum": "cce99664bc0e68fb4ba34c02419af046facea0345e729f9d29c3c19b4fb1e64a"
        }
      ]
    },
    {
      "address": "@adico/tooltip",
      "manifestDigest": "4b25f64e9bc914257e56f20898218917bd82b246bc07e2c7391627b9096611a4",
      "files": [
        {
          "path": "src/components/ui/tooltip.rs",
          "checksum": "a72ea54eab89c942297805962e426b80fdcadf9087d6211b3807f6f6e6c64095"
        }
      ]
    },
    {
      "address": "@adico/variants",
      "manifestDigest": "4920a164da17eb5142b5bb4761c0f09b498e304abe7f01b9f203b9b95c055792",
      "files": [
        {
          "path": "src/adico_lib/variants.rs",
          "checksum": "dffee6b8e50ff1123a837a4636595adae01d1cd0093d05b7573381d07043ff1b"
        }
      ]
    },
    {
      "address": "@adico/virtual-list",
      "manifestDigest": "2822d317f71c3167e33f3741adcedf90751daaf1140d976f77d0dd4b3b06871d",
      "files": [
        {
          "path": "src/components/ui/virtual_list.rs",
          "checksum": "4a4fb6accb44a6487d29148c7ef15a25e6b143a3154e91014a1ecc7ebd161507"
        }
      ]
    }
  ]
}
