{
  "version": 1,
  "items": [
    {
      "address": "@adico/badge",
      "manifestDigest": "6998b4fee2a49ea3ff8e76387a554d83d4ff67eb94cee3d80ba45988bb04fdbf",
      "files": [
        {
          "path": "src/components/ui/badge.rs",
          "checksum": "fc49100155715a980299931bd3f3ca356d6502a32f07d764e3d996832475d283"
        }
      ]
    },
    {
      "address": "@adico/button",
      "manifestDigest": "6998b4fee2a49ea3ff8e76387a554d83d4ff67eb94cee3d80ba45988bb04fdbf",
      "files": [
        {
          "path": "src/components/ui/button.rs",
          "checksum": "1c7c9e6c52ab7d98a11685fc6078c8ca7ef9c2d5b70dc891ba84d97958cf3fa4"
        }
      ]
    },
    {
      "address": "@adico/card",
      "manifestDigest": "6998b4fee2a49ea3ff8e76387a554d83d4ff67eb94cee3d80ba45988bb04fdbf",
      "files": [
        {
          "path": "src/components/ui/card.rs",
          "checksum": "bca6f919fe0ada71756f0c4a559afa7bfea84cc6a46e0112e4fc1a349b334361"
        }
      ]
    },
    {
      "address": "@adico/cn",
      "manifestDigest": "6998b4fee2a49ea3ff8e76387a554d83d4ff67eb94cee3d80ba45988bb04fdbf",
      "files": [
        {
          "path": "src/adico_lib/cn.rs",
          "checksum": "76e269ea046b2a9f53d7c43e3c78d2f0afd3aea964d18b2aa10878e49676c2ed"
        }
      ]
    },
    {
      "address": "@adico/copy-button",
      "manifestDigest": "6998b4fee2a49ea3ff8e76387a554d83d4ff67eb94cee3d80ba45988bb04fdbf",
      "files": [
        {
          "path": "src/components/ui/copy_button.rs",
          "checksum": "3ff48075e1ba3a05f6c2e9b07284bc9d80b3fd0de41d432916fed66e3c7d16ea"
        }
      ]
    },
    {
      "address": "@adico/dropdown-menu",
      "manifestDigest": "6998b4fee2a49ea3ff8e76387a554d83d4ff67eb94cee3d80ba45988bb04fdbf",
      "files": [
        {
          "path": "src/components/ui/dropdown_menu.rs",
          "checksum": "7291611cf102e823b60732fdf89c5236212160e0c75c7adbeae223f4a66c5b61"
        }
      ]
    },
    {
      "address": "@adico/mode-toggle",
      "manifestDigest": "6998b4fee2a49ea3ff8e76387a554d83d4ff67eb94cee3d80ba45988bb04fdbf",
      "files": [
        {
          "path": "src/components/ui/mode_toggle.rs",
          "checksum": "d30499d3137ccb834d048e0e39287355f970d024ec0470d697ca46ee55e1a153"
        }
      ]
    },
    {
      "address": "@adico/navigation-menu",
      "manifestDigest": "6998b4fee2a49ea3ff8e76387a554d83d4ff67eb94cee3d80ba45988bb04fdbf",
      "files": [
        {
          "path": "src/components/ui/navigation_menu.rs",
          "checksum": "7b650e590e5d7af37fcd4a3ed891fb313ae40c2f53d92ffe64553baf4722643c"
        }
      ]
    },
    {
      "address": "@adico/select",
      "manifestDigest": "6998b4fee2a49ea3ff8e76387a554d83d4ff67eb94cee3d80ba45988bb04fdbf",
      "files": [
        {
          "path": "src/components/ui/select.rs",
          "checksum": "a6937e8e88e473e55026b89323914ea6cccee2953cfda609d64bca12e56a4340"
        }
      ]
    },
    {
      "address": "@adico/spinner",
      "manifestDigest": "6998b4fee2a49ea3ff8e76387a554d83d4ff67eb94cee3d80ba45988bb04fdbf",
      "files": [
        {
          "path": "src/components/ui/spinner.rs",
          "checksum": "12d4f07f260d3f7505fad533c7fc739a946292f36d1b6eb23210fa8af3eeac37"
        }
      ]
    },
    {
      "address": "@adico/theme-switcher",
      "manifestDigest": "6998b4fee2a49ea3ff8e76387a554d83d4ff67eb94cee3d80ba45988bb04fdbf",
      "files": [
        {
          "path": "src/components/ui/theme_switcher.rs",
          "checksum": "4f6ee190bffb46aaf7f1fbd8c4a76f8e8902f01d3b0ca051344b9fca9f205cdd"
        }
      ]
    },
    {
      "address": "@adico/variants",
      "manifestDigest": "6998b4fee2a49ea3ff8e76387a554d83d4ff67eb94cee3d80ba45988bb04fdbf",
      "files": [
        {
          "path": "src/adico_lib/variants.rs",
          "checksum": "2135f707266337a8269d12781b10421db366bf4037db71bcb177dde21484709e"
        }
      ]
    }
  ]
}
