{
  "version": 1,
  "items": [
    {
      "address": "@adico/accordion",
      "manifestDigest": "516cbd511f8e7ff5d166d59944625fbff543cddcc41401af0aae95dd5bebd701",
      "files": [
        {
          "path": "src/components/ui/accordion.rs",
          "checksum": "23f226b5ce4e8e2c046c9bd6a64fe812ac68ea8155483605978ca281740622f9"
        }
      ]
    },
    {
      "address": "@adico/alert",
      "manifestDigest": "516cbd511f8e7ff5d166d59944625fbff543cddcc41401af0aae95dd5bebd701",
      "files": [
        {
          "path": "src/components/ui/alert.rs",
          "checksum": "c94e992d01049bc54d9cf446fda160ab0861eb445e503ae09a093e601693d1e9"
        }
      ]
    },
    {
      "address": "@adico/alert-dialog",
      "manifestDigest": "516cbd511f8e7ff5d166d59944625fbff543cddcc41401af0aae95dd5bebd701",
      "files": [
        {
          "path": "src/components/ui/alert_dialog.rs",
          "checksum": "98ded58c40ba6a9c75b42f1656548ea311f3b548827a09aef0b319a9a146dfa4"
        }
      ]
    },
    {
      "address": "@adico/aspect-ratio",
      "manifestDigest": "516cbd511f8e7ff5d166d59944625fbff543cddcc41401af0aae95dd5bebd701",
      "files": [
        {
          "path": "src/components/ui/aspect_ratio.rs",
          "checksum": "8c30c1f65934f5bac2baa602132710b450b3308b49320826b5abd7ba6c10c039"
        }
      ]
    },
    {
      "address": "@adico/attachment",
      "manifestDigest": "516cbd511f8e7ff5d166d59944625fbff543cddcc41401af0aae95dd5bebd701",
      "files": [
        {
          "path": "src/components/ui/attachment.rs",
          "checksum": "80fac2fcc372358ce32669054d79363e34c85ba5054ee48aa8b6c3978a725337"
        }
      ]
    },
    {
      "address": "@adico/avatar",
      "manifestDigest": "516cbd511f8e7ff5d166d59944625fbff543cddcc41401af0aae95dd5bebd701",
      "files": [
        {
          "path": "src/components/ui/avatar.rs",
          "checksum": "773d210344dc42c7689ff929789312c43e106f50270b4a0436d7f09334b9a2e4"
        }
      ]
    },
    {
      "address": "@adico/badge",
      "manifestDigest": "516cbd511f8e7ff5d166d59944625fbff543cddcc41401af0aae95dd5bebd701",
      "files": [
        {
          "path": "src/components/ui/badge.rs",
          "checksum": "c883f55a2fba6629e9771615b3b3c0fede3caf19649a780ac899beb9ab389b25"
        }
      ]
    },
    {
      "address": "@adico/breadcrumb",
      "manifestDigest": "516cbd511f8e7ff5d166d59944625fbff543cddcc41401af0aae95dd5bebd701",
      "files": [
        {
          "path": "src/components/ui/breadcrumb.rs",
          "checksum": "181803399507531f8ebd8a4137c162a8fcae7a454f61589f71d0af432df4e9e9"
        }
      ]
    },
    {
      "address": "@adico/bubble",
      "manifestDigest": "516cbd511f8e7ff5d166d59944625fbff543cddcc41401af0aae95dd5bebd701",
      "files": [
        {
          "path": "src/components/ui/bubble.rs",
          "checksum": "7233fc2bdd562b11b6b9445995494645b51368fe181dd4c607ec0bffdd5c2838"
        }
      ]
    },
    {
      "address": "@adico/button",
      "manifestDigest": "516cbd511f8e7ff5d166d59944625fbff543cddcc41401af0aae95dd5bebd701",
      "files": [
        {
          "path": "src/components/ui/button.rs",
          "checksum": "bc3b73c1f6cc3c5c3f62d2d914b6b2756ae33ad1ceca58c3f925da1faf318a1e"
        }
      ]
    },
    {
      "address": "@adico/button-group",
      "manifestDigest": "516cbd511f8e7ff5d166d59944625fbff543cddcc41401af0aae95dd5bebd701",
      "files": [
        {
          "path": "src/components/ui/button_group.rs",
          "checksum": "eb7f932bef197a75a40e1d587f0dd877a7104e2eb5ffcf36b28fcb6f6c753454"
        }
      ]
    },
    {
      "address": "@adico/calendar",
      "manifestDigest": "516cbd511f8e7ff5d166d59944625fbff543cddcc41401af0aae95dd5bebd701",
      "files": [
        {
          "path": "src/components/ui/calendar.rs",
          "checksum": "5f3c4188289335630cc873ee88d134c27dd0a8fad8fe3eeb41b6987bf8b53a5b"
        }
      ]
    },
    {
      "address": "@adico/card",
      "manifestDigest": "516cbd511f8e7ff5d166d59944625fbff543cddcc41401af0aae95dd5bebd701",
      "files": [
        {
          "path": "src/components/ui/card.rs",
          "checksum": "b4348c0a8dfe019fa162dd0c7b8041433302534eb847057646470b46a7996e1c"
        }
      ]
    },
    {
      "address": "@adico/carousel",
      "manifestDigest": "516cbd511f8e7ff5d166d59944625fbff543cddcc41401af0aae95dd5bebd701",
      "files": [
        {
          "path": "src/components/ui/carousel.rs",
          "checksum": "2350bdcd165b60ae0b88003abcfd79f72cd6c200c5247e9896777ee0ac4673b8"
        }
      ]
    },
    {
      "address": "@adico/checkbox",
      "manifestDigest": "516cbd511f8e7ff5d166d59944625fbff543cddcc41401af0aae95dd5bebd701",
      "files": [
        {
          "path": "src/components/ui/checkbox.rs",
          "checksum": "fa99624b291e9709b33adbc46ac094082e5037e5d69a4afe75c5106d22356d75"
        }
      ]
    },
    {
      "address": "@adico/cn",
      "manifestDigest": "516cbd511f8e7ff5d166d59944625fbff543cddcc41401af0aae95dd5bebd701",
      "files": [
        {
          "path": "src/adico_lib/cn.rs",
          "checksum": "76e269ea046b2a9f53d7c43e3c78d2f0afd3aea964d18b2aa10878e49676c2ed"
        }
      ]
    },
    {
      "address": "@adico/collapsible",
      "manifestDigest": "516cbd511f8e7ff5d166d59944625fbff543cddcc41401af0aae95dd5bebd701",
      "files": [
        {
          "path": "src/components/ui/collapsible.rs",
          "checksum": "9e5983ccab481bcf769a2bc772cabc7d9c5244c9e8131729ba39180bdfc762e7"
        }
      ]
    },
    {
      "address": "@adico/color-picker",
      "manifestDigest": "516cbd511f8e7ff5d166d59944625fbff543cddcc41401af0aae95dd5bebd701",
      "files": [
        {
          "path": "src/components/ui/color_picker.rs",
          "checksum": "b26f0a46957c8187fcf6c04fec6126f431b5c53e90395f33ddc8cee17dd84541"
        }
      ]
    },
    {
      "address": "@adico/combobox",
      "manifestDigest": "516cbd511f8e7ff5d166d59944625fbff543cddcc41401af0aae95dd5bebd701",
      "files": [
        {
          "path": "src/components/ui/combobox.rs",
          "checksum": "f1acbc52ef16d5cbe8c320dc5363f229a9cb3427b6b588b5312d959789132a66"
        }
      ]
    },
    {
      "address": "@adico/command",
      "manifestDigest": "516cbd511f8e7ff5d166d59944625fbff543cddcc41401af0aae95dd5bebd701",
      "files": [
        {
          "path": "src/components/ui/command.rs",
          "checksum": "cab89addc9a09e113e1a3d9a217771278fd0f6c972b0418f78258e3afddb3ac4"
        }
      ]
    },
    {
      "address": "@adico/context-menu",
      "manifestDigest": "516cbd511f8e7ff5d166d59944625fbff543cddcc41401af0aae95dd5bebd701",
      "files": [
        {
          "path": "src/components/ui/context_menu.rs",
          "checksum": "fa2c3e2019f8a78537292810ebf7f9496db85a63ad7c8864287f8f1cb068a319"
        }
      ]
    },
    {
      "address": "@adico/data-table",
      "manifestDigest": "516cbd511f8e7ff5d166d59944625fbff543cddcc41401af0aae95dd5bebd701",
      "files": [
        {
          "path": "src/components/ui/data_table.rs",
          "checksum": "5038205d4ad44ba1dff3714692be6463b24162d5c54ea0328f71a850e5da1dce"
        }
      ]
    },
    {
      "address": "@adico/date-picker",
      "manifestDigest": "516cbd511f8e7ff5d166d59944625fbff543cddcc41401af0aae95dd5bebd701",
      "files": [
        {
          "path": "src/components/ui/date_picker.rs",
          "checksum": "70e24290c1d2b79470a26d140e3f26cc32c18767a71423ba5ca699b0e49c1550"
        }
      ]
    },
    {
      "address": "@adico/dialog",
      "manifestDigest": "516cbd511f8e7ff5d166d59944625fbff543cddcc41401af0aae95dd5bebd701",
      "files": [
        {
          "path": "src/components/ui/dialog.rs",
          "checksum": "3afac6316923fe84049032ab57394aa72033c2eca29e8d41db6499574ec71143"
        }
      ]
    },
    {
      "address": "@adico/drag-and-drop-list",
      "manifestDigest": "516cbd511f8e7ff5d166d59944625fbff543cddcc41401af0aae95dd5bebd701",
      "files": [
        {
          "path": "src/components/ui/drag_and_drop_list.rs",
          "checksum": "f6e0e96c7dd01540399fc17347b78f66c8e95f803e447fb96d867710618008d6"
        }
      ]
    },
    {
      "address": "@adico/drawer",
      "manifestDigest": "516cbd511f8e7ff5d166d59944625fbff543cddcc41401af0aae95dd5bebd701",
      "files": [
        {
          "path": "src/components/ui/drawer.rs",
          "checksum": "6eba76b697f6443b649aa7e5f73eccb12997fb8f4b0dc2127631ac0addb15e6d"
        }
      ]
    },
    {
      "address": "@adico/dropdown-menu",
      "manifestDigest": "516cbd511f8e7ff5d166d59944625fbff543cddcc41401af0aae95dd5bebd701",
      "files": [
        {
          "path": "src/components/ui/dropdown_menu.rs",
          "checksum": "a970a7d3363f294a3c8907e8c847b0a563abe27befab783633b4aaad51d67677"
        }
      ]
    },
    {
      "address": "@adico/empty",
      "manifestDigest": "516cbd511f8e7ff5d166d59944625fbff543cddcc41401af0aae95dd5bebd701",
      "files": [
        {
          "path": "src/components/ui/empty.rs",
          "checksum": "9baa414a192c57997bafe04025e3c21b492bbffea2035a23c6dd6818cb95269e"
        }
      ]
    },
    {
      "address": "@adico/hover-card",
      "manifestDigest": "516cbd511f8e7ff5d166d59944625fbff543cddcc41401af0aae95dd5bebd701",
      "files": [
        {
          "path": "src/components/ui/hover_card.rs",
          "checksum": "a60ef80ebd7c89f4614888b7cd404e926f9e4a3509fe7168581a4406ca9b8dd7"
        }
      ]
    },
    {
      "address": "@adico/input",
      "manifestDigest": "516cbd511f8e7ff5d166d59944625fbff543cddcc41401af0aae95dd5bebd701",
      "files": [
        {
          "path": "src/components/ui/input.rs",
          "checksum": "edb23b9ba5f8d90cb0135782e0024c66da3330c30b6b257e2ac3094abcc51e3d"
        }
      ]
    },
    {
      "address": "@adico/input-group",
      "manifestDigest": "516cbd511f8e7ff5d166d59944625fbff543cddcc41401af0aae95dd5bebd701",
      "files": [
        {
          "path": "src/components/ui/input_group.rs",
          "checksum": "eadff178dda4c1697abf0ce53475464697d2e2c445597f032816515d23d1d24f"
        }
      ]
    },
    {
      "address": "@adico/input-otp",
      "manifestDigest": "516cbd511f8e7ff5d166d59944625fbff543cddcc41401af0aae95dd5bebd701",
      "files": [
        {
          "path": "src/components/ui/input_otp.rs",
          "checksum": "340844969905d19b3e7963162af66d633eaef4482f25eec5cfff34d6d8dc2b86"
        }
      ]
    },
    {
      "address": "@adico/item",
      "manifestDigest": "516cbd511f8e7ff5d166d59944625fbff543cddcc41401af0aae95dd5bebd701",
      "files": [
        {
          "path": "src/components/ui/item.rs",
          "checksum": "43139567eb6f2f0e20b124a61bad85c9d7d6a9a5596b4f4157ed9383a0b5aa43"
        }
      ]
    },
    {
      "address": "@adico/kbd",
      "manifestDigest": "516cbd511f8e7ff5d166d59944625fbff543cddcc41401af0aae95dd5bebd701",
      "files": [
        {
          "path": "src/components/ui/kbd.rs",
          "checksum": "6668b8f7d9a54772c33c5cdae4590150eeb784b9fa6ec32b67e26d7719212837"
        }
      ]
    },
    {
      "address": "@adico/label",
      "manifestDigest": "516cbd511f8e7ff5d166d59944625fbff543cddcc41401af0aae95dd5bebd701",
      "files": [
        {
          "path": "src/components/ui/label.rs",
          "checksum": "825ebc71460df9708e5546d7372448586f39141f0d0c3c946590b39810d5ea04"
        }
      ]
    },
    {
      "address": "@adico/marker",
      "manifestDigest": "516cbd511f8e7ff5d166d59944625fbff543cddcc41401af0aae95dd5bebd701",
      "files": [
        {
          "path": "src/components/ui/marker.rs",
          "checksum": "fcbdc91ff83c32828f31d08a0fdbd61db2862a534e92f6d5072b8ec514dc4b34"
        }
      ]
    },
    {
      "address": "@adico/menubar",
      "manifestDigest": "516cbd511f8e7ff5d166d59944625fbff543cddcc41401af0aae95dd5bebd701",
      "files": [
        {
          "path": "src/components/ui/menubar.rs",
          "checksum": "eac0400a9d587bbea6b634514be2d5c9209de1f41e647439ad49f61b57de2a02"
        }
      ]
    },
    {
      "address": "@adico/message",
      "manifestDigest": "516cbd511f8e7ff5d166d59944625fbff543cddcc41401af0aae95dd5bebd701",
      "files": [
        {
          "path": "src/components/ui/message.rs",
          "checksum": "6bc6000bb0f861b7e6d900e93343368bfdd4fcf2a822e2df7fb1e2378aba03f9"
        }
      ]
    },
    {
      "address": "@adico/message-scroller",
      "manifestDigest": "516cbd511f8e7ff5d166d59944625fbff543cddcc41401af0aae95dd5bebd701",
      "files": [
        {
          "path": "src/components/ui/message_scroller.rs",
          "checksum": "3639bb9bb5776050e367318ac59189bc2bb57eeec1346e02024972e52cc36b60"
        }
      ]
    },
    {
      "address": "@adico/mode-toggle",
      "manifestDigest": "516cbd511f8e7ff5d166d59944625fbff543cddcc41401af0aae95dd5bebd701",
      "files": [
        {
          "path": "src/components/ui/mode_toggle.rs",
          "checksum": "d30499d3137ccb834d048e0e39287355f970d024ec0470d697ca46ee55e1a153"
        }
      ]
    },
    {
      "address": "@adico/native-select",
      "manifestDigest": "516cbd511f8e7ff5d166d59944625fbff543cddcc41401af0aae95dd5bebd701",
      "files": [
        {
          "path": "src/components/ui/native_select.rs",
          "checksum": "15a1de9a30ff8129ee0ee578b9b9cff97c4c84cad30d01ea0e69e478d97b4b74"
        }
      ]
    },
    {
      "address": "@adico/navigation-menu",
      "manifestDigest": "516cbd511f8e7ff5d166d59944625fbff543cddcc41401af0aae95dd5bebd701",
      "files": [
        {
          "path": "src/components/ui/navigation_menu.rs",
          "checksum": "e730aaa685a779caff97e6ddf24143c23371a0b411cae3f14f86b7dea8fd58f0"
        }
      ]
    },
    {
      "address": "@adico/pagination",
      "manifestDigest": "516cbd511f8e7ff5d166d59944625fbff543cddcc41401af0aae95dd5bebd701",
      "files": [
        {
          "path": "src/components/ui/pagination.rs",
          "checksum": "318389bfb014572ef61f2f5b44f4bb1d668d2b6fa4db7d42e3a486fdfbd6e0a9"
        }
      ]
    },
    {
      "address": "@adico/popover",
      "manifestDigest": "516cbd511f8e7ff5d166d59944625fbff543cddcc41401af0aae95dd5bebd701",
      "files": [
        {
          "path": "src/components/ui/popover.rs",
          "checksum": "d2771f1a9f56b68d89dfc0fafa996d12d713ea45f76a1c54fee3a7b9d30e982e"
        }
      ]
    },
    {
      "address": "@adico/progress",
      "manifestDigest": "516cbd511f8e7ff5d166d59944625fbff543cddcc41401af0aae95dd5bebd701",
      "files": [
        {
          "path": "src/components/ui/progress.rs",
          "checksum": "354d9160e0efa300f28d79a0cb9a0324271a49192d428012b7736b43a7b66e8e"
        }
      ]
    },
    {
      "address": "@adico/radio-group",
      "manifestDigest": "516cbd511f8e7ff5d166d59944625fbff543cddcc41401af0aae95dd5bebd701",
      "files": [
        {
          "path": "src/components/ui/radio_group.rs",
          "checksum": "2f68bd618d836c19368aa86f9c077998df4fc066bc30daa3b9dee3f5aacd1f48"
        }
      ]
    },
    {
      "address": "@adico/resizable",
      "manifestDigest": "516cbd511f8e7ff5d166d59944625fbff543cddcc41401af0aae95dd5bebd701",
      "files": [
        {
          "path": "src/components/ui/resizable.rs",
          "checksum": "b3b1bc7edd0473fc23e3c8a608cf733c812cae828cd15e843ddcc58311501a7f"
        }
      ]
    },
    {
      "address": "@adico/scroll-area",
      "manifestDigest": "516cbd511f8e7ff5d166d59944625fbff543cddcc41401af0aae95dd5bebd701",
      "files": [
        {
          "path": "src/components/ui/scroll_area.rs",
          "checksum": "d88f6e42d6e36e86df6ae4a943bbac82ff164853ea255c7c71528d6b32b09807"
        }
      ]
    },
    {
      "address": "@adico/select",
      "manifestDigest": "516cbd511f8e7ff5d166d59944625fbff543cddcc41401af0aae95dd5bebd701",
      "files": [
        {
          "path": "src/components/ui/select.rs",
          "checksum": "baa07c3be87debb9c323da3c84efc5bddbcd7e71ba66f5618b0e36a98f84ad44"
        }
      ]
    },
    {
      "address": "@adico/sheet",
      "manifestDigest": "516cbd511f8e7ff5d166d59944625fbff543cddcc41401af0aae95dd5bebd701",
      "files": [
        {
          "path": "src/components/ui/sheet.rs",
          "checksum": "654e3af6cdf61dc7e64223ab4f41ecfb9442ce4e5783087a3eca2eafca3f6e81"
        }
      ]
    },
    {
      "address": "@adico/sidebar",
      "manifestDigest": "516cbd511f8e7ff5d166d59944625fbff543cddcc41401af0aae95dd5bebd701",
      "files": [
        {
          "path": "src/components/ui/sidebar.rs",
          "checksum": "7907f7dd39502c34b906145029f7e91c2d7debc6efae6ebd6a3aab248238aaf1"
        }
      ]
    },
    {
      "address": "@adico/skeleton",
      "manifestDigest": "516cbd511f8e7ff5d166d59944625fbff543cddcc41401af0aae95dd5bebd701",
      "files": [
        {
          "path": "src/components/ui/skeleton.rs",
          "checksum": "88c3eedd32e12af3c661fd8f033ec9aa99d1603a74b4de3e42a2d9d5e77afb57"
        }
      ]
    },
    {
      "address": "@adico/slider",
      "manifestDigest": "516cbd511f8e7ff5d166d59944625fbff543cddcc41401af0aae95dd5bebd701",
      "files": [
        {
          "path": "src/components/ui/slider.rs",
          "checksum": "eae76c51eb267b5e7db6d016f1abfdff26df789b7eb6e99945a78d01d8c67e96"
        }
      ]
    },
    {
      "address": "@adico/spinner",
      "manifestDigest": "516cbd511f8e7ff5d166d59944625fbff543cddcc41401af0aae95dd5bebd701",
      "files": [
        {
          "path": "src/components/ui/spinner.rs",
          "checksum": "12d4f07f260d3f7505fad533c7fc739a946292f36d1b6eb23210fa8af3eeac37"
        }
      ]
    },
    {
      "address": "@adico/switch",
      "manifestDigest": "516cbd511f8e7ff5d166d59944625fbff543cddcc41401af0aae95dd5bebd701",
      "files": [
        {
          "path": "src/components/ui/switch.rs",
          "checksum": "4a5fc5c168765a5ca5797c33f259ec50e13db70d063d6f56e7fef502ea381dad"
        }
      ]
    },
    {
      "address": "@adico/table",
      "manifestDigest": "516cbd511f8e7ff5d166d59944625fbff543cddcc41401af0aae95dd5bebd701",
      "files": [
        {
          "path": "src/components/ui/table.rs",
          "checksum": "971b130d99a2a842f15c13e41904d24d780eeae34c9141c84ae67045ee2e087c"
        }
      ]
    },
    {
      "address": "@adico/tabs",
      "manifestDigest": "516cbd511f8e7ff5d166d59944625fbff543cddcc41401af0aae95dd5bebd701",
      "files": [
        {
          "path": "src/components/ui/tabs.rs",
          "checksum": "a636070927ec590e0bf30b20a6ddb643161272cc8fd40689b9a267692e365850"
        }
      ]
    },
    {
      "address": "@adico/tag-group",
      "manifestDigest": "516cbd511f8e7ff5d166d59944625fbff543cddcc41401af0aae95dd5bebd701",
      "files": [
        {
          "path": "src/components/ui/tag_group.rs",
          "checksum": "ba180eaf98c34e2d35c1f62d8bdff436fb82887bbeac6e4a5b8903a87381c5be"
        }
      ]
    },
    {
      "address": "@adico/textarea",
      "manifestDigest": "516cbd511f8e7ff5d166d59944625fbff543cddcc41401af0aae95dd5bebd701",
      "files": [
        {
          "path": "src/components/ui/textarea.rs",
          "checksum": "7883f26019d06844174bef0b65ab03a204a57026f504d9aacf820871de6397b8"
        }
      ]
    },
    {
      "address": "@adico/theme-builder",
      "manifestDigest": "516cbd511f8e7ff5d166d59944625fbff543cddcc41401af0aae95dd5bebd701",
      "files": [
        {
          "path": "src/components/ui/theme_builder.rs",
          "checksum": "62e36ab9af4f59fcb4762ed7dfd0d77c6f2312207d8530655fc873f2565e0369"
        }
      ]
    },
    {
      "address": "@adico/theme-switcher",
      "manifestDigest": "516cbd511f8e7ff5d166d59944625fbff543cddcc41401af0aae95dd5bebd701",
      "files": [
        {
          "path": "src/components/ui/theme_switcher.rs",
          "checksum": "193bfe883b90dcf114f3a130f689078a2fd0c905cea4c3851b837ec0f0265dea"
        }
      ]
    },
    {
      "address": "@adico/toast",
      "manifestDigest": "516cbd511f8e7ff5d166d59944625fbff543cddcc41401af0aae95dd5bebd701",
      "files": [
        {
          "path": "src/components/ui/toast.rs",
          "checksum": "2363d13a06a807ff16d02e6e42f8ac2839c9396f7c738a793727ddb2cdef6c8b"
        }
      ]
    },
    {
      "address": "@adico/toggle",
      "manifestDigest": "516cbd511f8e7ff5d166d59944625fbff543cddcc41401af0aae95dd5bebd701",
      "files": [
        {
          "path": "src/components/ui/toggle.rs",
          "checksum": "d7ee45a6fa3a58e03c05e8f79e76910b4b5ae74bef2d531dfc26877192464093"
        }
      ]
    },
    {
      "address": "@adico/toggle-group",
      "manifestDigest": "516cbd511f8e7ff5d166d59944625fbff543cddcc41401af0aae95dd5bebd701",
      "files": [
        {
          "path": "src/components/ui/toggle_group.rs",
          "checksum": "64bc12ec1b9c23d077b0359bacad6c373f421b2cdf309e65fa81c3114b315d81"
        }
      ]
    },
    {
      "address": "@adico/toolbar",
      "manifestDigest": "516cbd511f8e7ff5d166d59944625fbff543cddcc41401af0aae95dd5bebd701",
      "files": [
        {
          "path": "src/components/ui/toolbar.rs",
          "checksum": "76e67f313945e950fa11f43137ee084a81f657fa1d8fffb122d66c1cccbb92d2"
        }
      ]
    },
    {
      "address": "@adico/tooltip",
      "manifestDigest": "516cbd511f8e7ff5d166d59944625fbff543cddcc41401af0aae95dd5bebd701",
      "files": [
        {
          "path": "src/components/ui/tooltip.rs",
          "checksum": "cf830fd08b75c7762d5ad071dc1c01b83af962242282803eb37b9a6c5db13590"
        }
      ]
    },
    {
      "address": "@adico/variants",
      "manifestDigest": "516cbd511f8e7ff5d166d59944625fbff543cddcc41401af0aae95dd5bebd701",
      "files": [
        {
          "path": "src/adico_lib/variants.rs",
          "checksum": "dffee6b8e50ff1123a837a4636595adae01d1cd0093d05b7573381d07043ff1b"
        }
      ]
    },
    {
      "address": "@adico/virtual-list",
      "manifestDigest": "516cbd511f8e7ff5d166d59944625fbff543cddcc41401af0aae95dd5bebd701",
      "files": [
        {
          "path": "src/components/ui/virtual_list.rs",
          "checksum": "4a4fb6accb44a6487d29148c7ef15a25e6b143a3154e91014a1ecc7ebd161507"
        }
      ]
    }
  ]
}
